
Microsoft Visual Studio Solution File, Format Version 12.00
# Visual Studio Version 16
VisualStudioVersion = 16.0.34114.132
MinimumVisualStudioVersion = 10.0.40219.1
Project("{FAE04EC0-301F-11D3-BF4B-00C04F79EFBC}") = "MatematicaOperacao", "MatematicaOperacao\MatematicaOperacao.csproj", "{19387C68-AD32-45EE-8EC8-8B9C918A5F66}"
EndProject
Project("{FAE04EC0-301F-11D3-BF4B-00C04F79EFBC}") = "ConsoleApp1", "ConsoleApp1\ConsoleApp1.csproj", "{F6B394C5-52E4-40C8-B931-3B5F7F3FD559}"
EndProject
Global
	GlobalSection(SolutionConfigurationPlatforms) = preSolution
		Debug|Any CPU = Debug|Any CPU
		Release|Any CPU = Release|Any CPU
	EndGlobalSection
	GlobalSection(ProjectConfigurationPlatforms) = postSolution
		{19387C68-AD32-45EE-8EC8-8B9C918A5F66}.Debug|Any CPU.ActiveCfg = Debug|Any CPU
		{19387C68-AD32-45EE-8EC8-8B9C918A5F66}.Debug|Any CPU.Build.0 = Debug|Any CPU
		{19387C68-AD32-45EE-8EC8-8B9C918A5F66}.Release|Any CPU.ActiveCfg = Release|Any CPU
		{19387C68-AD32-45EE-8EC8-8B9C918A5F66}.Release|Any CPU.Build.0 = Release|Any CPU
		{F6B394C5-52E4-40C8-B931-3B5F7F3FD559}.Debug|Any CPU.ActiveCfg = Debug|Any CPU
		{F6B394C5-52E4-40C8-B931-3B5F7F3FD559}.Debug|Any CPU.Build.0 = Debug|Any CPU
		{F6B394C5-52E4-40C8-B931-3B5F7F3FD559}.Release|Any CPU.ActiveCfg = Release|Any CPU
		{F6B394C5-52E4-40C8-B931-3B5F7F3FD559}.Release|Any CPU.Build.0 = Release|Any CPU
	EndGlobalSection
	GlobalSection(SolutionProperties) = preSolution
		HideSolutionNode = FALSE
	EndGlobalSection
	GlobalSection(ExtensibilityGlobals) = postSolution
		SolutionGuid = {0510D51D-CC02-49A0-AB1E-65A260D3883D}
	EndGlobalSection
EndGlobal
