
Microsoft Visual Studio Solution File, Format Version 12.00
# Visual Studio Version 16
VisualStudioVersion = 16.0.33920.266
MinimumVisualStudioVersion = 10.0.40219.1
Project("{FAE04EC0-301F-11D3-BF4B-00C04F79EFBC}") = "01_LinQ", "01_LinQ\01_LinQ.csproj", "{AB0CE684-FF5E-4FB2-AE28-ADF025B96AF8}"
EndProject
Project("{FAE04EC0-301F-11D3-BF4B-00C04F79EFBC}") = "02_LINQ", "02_LINQ\02_LINQ.csproj", "{40505916-5B62-4D65-993E-689718260CDA}"
EndProject
Project("{FAE04EC0-301F-11D3-BF4B-00C04F79EFBC}") = "03_LINQ", "03_LINQ\03_LINQ.csproj", "{6CF88F03-9C36-48C3-884D-3B01BABAACA9}"
EndProject
Project("{FAE04EC0-301F-11D3-BF4B-00C04F79EFBC}") = "04_LINQ_JOIN", "04_LINQ_JOIN\04_LINQ_JOIN.csproj", "{50DE3E42-F4FC-410F-B1AE-557E373F3F5C}"
EndProject
Project("{FAE04EC0-301F-11D3-BF4B-00C04F79EFBC}") = "05_LINQ_GROUP", "05_LINQ_GROUP\05_LINQ_GROUP.csproj", "{20FDE8AC-BCDE-4E2E-9A8C-8B64DB9F7570}"
EndProject
Global
	GlobalSection(SolutionConfigurationPlatforms) = preSolution
		Debug|Any CPU = Debug|Any CPU
		Release|Any CPU = Release|Any CPU
	EndGlobalSection
	GlobalSection(ProjectConfigurationPlatforms) = postSolution
		{AB0CE684-FF5E-4FB2-AE28-ADF025B96AF8}.Debug|Any CPU.ActiveCfg = Debug|Any CPU
		{AB0CE684-FF5E-4FB2-AE28-ADF025B96AF8}.Debug|Any CPU.Build.0 = Debug|Any CPU
		{AB0CE684-FF5E-4FB2-AE28-ADF025B96AF8}.Release|Any CPU.ActiveCfg = Release|Any CPU
		{AB0CE684-FF5E-4FB2-AE28-ADF025B96AF8}.Release|Any CPU.Build.0 = Release|Any CPU
		{40505916-5B62-4D65-993E-689718260CDA}.Debug|Any CPU.ActiveCfg = Debug|Any CPU
		{40505916-5B62-4D65-993E-689718260CDA}.Debug|Any CPU.Build.0 = Debug|Any CPU
		{40505916-5B62-4D65-993E-689718260CDA}.Release|Any CPU.ActiveCfg = Release|Any CPU
		{40505916-5B62-4D65-993E-689718260CDA}.Release|Any CPU.Build.0 = Release|Any CPU
		{6CF88F03-9C36-48C3-884D-3B01BABAACA9}.Debug|Any CPU.ActiveCfg = Debug|Any CPU
		{6CF88F03-9C36-48C3-884D-3B01BABAACA9}.Debug|Any CPU.Build.0 = Debug|Any CPU
		{6CF88F03-9C36-48C3-884D-3B01BABAACA9}.Release|Any CPU.ActiveCfg = Release|Any CPU
		{6CF88F03-9C36-48C3-884D-3B01BABAACA9}.Release|Any CPU.Build.0 = Release|Any CPU
		{50DE3E42-F4FC-410F-B1AE-557E373F3F5C}.Debug|Any CPU.ActiveCfg = Debug|Any CPU
		{50DE3E42-F4FC-410F-B1AE-557E373F3F5C}.Debug|Any CPU.Build.0 = Debug|Any CPU
		{50DE3E42-F4FC-410F-B1AE-557E373F3F5C}.Release|Any CPU.ActiveCfg = Release|Any CPU
		{50DE3E42-F4FC-410F-B1AE-557E373F3F5C}.Release|Any CPU.Build.0 = Release|Any CPU
		{20FDE8AC-BCDE-4E2E-9A8C-8B64DB9F7570}.Debug|Any CPU.ActiveCfg = Debug|Any CPU
		{20FDE8AC-BCDE-4E2E-9A8C-8B64DB9F7570}.Debug|Any CPU.Build.0 = Debug|Any CPU
		{20FDE8AC-BCDE-4E2E-9A8C-8B64DB9F7570}.Release|Any CPU.ActiveCfg = Release|Any CPU
		{20FDE8AC-BCDE-4E2E-9A8C-8B64DB9F7570}.Release|Any CPU.Build.0 = Release|Any CPU
	EndGlobalSection
	GlobalSection(SolutionProperties) = preSolution
		HideSolutionNode = FALSE
	EndGlobalSection
	GlobalSection(ExtensibilityGlobals) = postSolution
		SolutionGuid = {C4480CA2-5E2A-4F48-8257-C9577A89106C}
	EndGlobalSection
EndGlobal
